// !$*UTF8*$!
{
	archiveVersion = 1;
	classes = {
	};
	objectVersion = 77;
	objects = {

/* Begin PBXBuildFile section */
		046F149A2E62A2C700DF04BC /* ContentView.swift in Sources */ = {isa = PBXBuildFile; fileRef = 046F14962E62A2C700DF04BC /* ContentView.swift */; };
		046F14A92E62B05800DF04BC /* ScoreApp.swift in Sources */ = {isa = PBXBuildFile; fileRef = 046F14A82E62B05800DF04BC /* ScoreApp.swift */; };
		046F14AB2E62B0C300DF04BC /* AppTheme.swift in Sources */ = {isa = PBXBuildFile; fileRef = 046F14AA2E62B0C300DF04BC /* AppTheme.swift */; };
		046F14AD2E62B46D00DF04BC /* Team.swift in Sources */ = {isa = PBXBuildFile; fileRef = 046F14AC2E62B46D00DF04BC /* Team.swift */; };
		046F14AF2E62B54A00DF04BC /* MatchViewModel.swift in Sources */ = {isa = PBXBuildFile; fileRef = 046F14AE2E62B54A00DF04BC /* MatchViewModel.swift */; };
		046F14B12E62B8F400DF04BC /* TeamCard.swift in Sources */ = {isa = PBXBuildFile; fileRef = 046F14B02E62B8F400DF04BC /* TeamCard.swift */; };
		046F14B32E62C1C500DF04BC /* MatchScreen.swift in Sources */ = {isa = PBXBuildFile; fileRef = 046F14B22E62C1C500DF04BC /* MatchScreen.swift */; };
/* End PBXBuildFile section */

/* Begin PBXContainerItemProxy section */
		047D18822E6299E200FBE07C /* PBXContainerItemProxy */ = {
			isa = PBXContainerItemProxy;
			containerPortal = 047D186C2E6299E000FBE07C /* Project object */;
			proxyType = 1;
			remoteGlobalIDString = 047D18732E6299E000FBE07C;
			remoteInfo = Score;
		};
		047D188C2E6299E200FBE07C /* PBXContainerItemProxy */ = {
			isa = PBXContainerItemProxy;
			containerPortal = 047D186C2E6299E000FBE07C /* Project object */;
			proxyType = 1;
			remoteGlobalIDString = 047D18732E6299E000FBE07C;
			remoteInfo = Score;
		};
/* End PBXContainerItemProxy section */

/* Begin PBXFileReference section */
		046F14962E62A2C700DF04BC /* ContentView.swift */ = {isa = PBXFileReference; lastKnownFileType = sourcecode.swift; path = ContentView.swift; sourceTree = "<group>"; };
		046F14A82E62B05800DF04BC /* ScoreApp.swift */ = {isa = PBXFileReference; lastKnownFileType = sourcecode.swift; path = ScoreApp.swift; sourceTree = "<group>"; };
		046F14AA2E62B0C300DF04BC /* AppTheme.swift */ = {isa = PBXFileReference; lastKnownFileType = sourcecode.swift; path = AppTheme.swift; sourceTree = "<group>"; };
		046F14AC2E62B46D00DF04BC /* Team.swift */ = {isa = PBXFileReference; lastKnownFileType = sourcecode.swift; path = Team.swift; sourceTree = "<group>"; };
		046F14AE2E62B54A00DF04BC /* MatchViewModel.swift */ = {isa = PBXFileReference; lastKnownFileType = sourcecode.swift; path = MatchViewModel.swift; sourceTree = "<group>"; };
		046F14B02E62B8F400DF04BC /* TeamCard.swift */ = {isa = PBXFileReference; lastKnownFileType = sourcecode.swift; path = TeamCard.swift; sourceTree = "<group>"; };
		046F14B22E62C1C500DF04BC /* MatchScreen.swift */ = {isa = PBXFileReference; lastKnownFileType = sourcecode.swift; path = MatchScreen.swift; sourceTree = "<group>"; };
		047D18742E6299E000FBE07C /* Score.app */ = {isa = PBXFileReference; explicitFileType = wrapper.application; includeInIndex = 0; path = Score.app; sourceTree = BUILT_PRODUCTS_DIR; };
		047D18812E6299E200FBE07C /* ScoreTests.xctest */ = {isa = PBXFileReference; explicitFileType = wrapper.cfbundle; includeInIndex = 0; path = ScoreTests.xctest; sourceTree = BUILT_PRODUCTS_DIR; };
		047D188B2E6299E200FBE07C /* ScoreUITests.xctest */ = {isa = PBXFileReference; explicitFileType = wrapper.cfbundle; includeInIndex = 0; path = ScoreUITests.xctest; sourceTree = BUILT_PRODUCTS_DIR; };
/* End PBXFileReference section */

/* Begin PBXFileSystemSynchronizedRootGroup section */
		047D18762E6299E000FBE07C /* Score */ = {
			isa = PBXFileSystemSynchronizedRootGroup;
			path = Score;
			sourceTree = "<group>";
		};
		047D18842E6299E200FBE07C /* ScoreTests */ = {
			isa = PBXFileSystemSynchronizedRootGroup;
			path = ScoreTests;
			sourceTree = "<group>";
		};
		047D188E2E6299E200FBE07C /* ScoreUITests */ = {
			isa = PBXFileSystemSynchronizedRootGroup;
			path = ScoreUITests;
			sourceTree = "<group>";
		};
/* End PBXFileSystemSynchronizedRootGroup section */

/* Begin PBXFrameworksBuildPhase section */
		047D18712E6299E000FBE07C /* Frameworks */ = {
			isa = PBXFrameworksBuildPhase;
			buildActionMask = 2147483647;
			files = (
			);
			runOnlyForDeploymentPostprocessing = 0;
		};
		047D187E2E6299E200FBE07C /* Frameworks */ = {
			isa = PBXFrameworksBuildPhase;
			buildActionMask = 2147483647;
			files = (
			);
			runOnlyForDeploymentPostprocessing = 0;
		};
		047D18882E6299E200FBE07C /* Frameworks */ = {
			isa = PBXFrameworksBuildPhase;
			buildActionMask = 2147483647;
			files = (
			);
			runOnlyForDeploymentPostprocessing = 0;
		};
/* End PBXFrameworksBuildPhase section */

/* Begin PBXGroup section */
		046F14A12E62AD6E00DF04BC /* Theme */ = {
			isa = PBXGroup;
			children = (
				046F14AA2E62B0C300DF04BC /* AppTheme.swift */,
			);
			path = Theme;
			sourceTree = "<group>";
		};
		046F14A22E62AE2E00DF04BC /* Models */ = {
			isa = PBXGroup;
			children = (
				046F14AC2E62B46D00DF04BC /* Team.swift */,
			);
			path = Models;
			sourceTree = "<group>";
		};
		046F14A42E62AEA700DF04BC /* ViewModels */ = {
			isa = PBXGroup;
			children = (
				046F14AE2E62B54A00DF04BC /* MatchViewModel.swift */,
			);
			path = ViewModels;
			sourceTree = "<group>";
		};
		046F14A52E62AEB100DF04BC /* Views */ = {
			isa = PBXGroup;
			children = (
				046F14A72E62AF8400DF04BC /* Components */,
				046F14B22E62C1C500DF04BC /* MatchScreen.swift */,
				046F14962E62A2C700DF04BC /* ContentView.swift */,
			);
			path = Views;
			sourceTree = "<group>";
		};
		046F14A62E62AF7A00DF04BC /* Util */ = {
			isa = PBXGroup;
			children = (
			);
			path = Util;
			sourceTree = "<group>";
		};
		046F14A72E62AF8400DF04BC /* Components */ = {
			isa = PBXGroup;
			children = (
				046F14B02E62B8F400DF04BC /* TeamCard.swift */,
			);
			path = Components;
			sourceTree = "<group>";
		};
		047D186B2E6299E000FBE07C = {
			isa = PBXGroup;
			children = (
				046F14A82E62B05800DF04BC /* ScoreApp.swift */,
				046F14A62E62AF7A00DF04BC /* Util */,
				046F14A52E62AEB100DF04BC /* Views */,
				046F14A42E62AEA700DF04BC /* ViewModels */,
				046F14A22E62AE2E00DF04BC /* Models */,
				046F14A12E62AD6E00DF04BC /* Theme */,
				047D18762E6299E000FBE07C /* Score */,
				047D18842E6299E200FBE07C /* ScoreTests */,
				047D188E2E6299E200FBE07C /* ScoreUITests */,
				047D18752E6299E000FBE07C /* Products */,
			);
			sourceTree = "<group>";
		};
		047D18752E6299E000FBE07C /* Products */ = {
			isa = PBXGroup;
			children = (
				047D18742E6299E000FBE07C /* Score.app */,
				047D18812E6299E200FBE07C /* ScoreTests.xctest */,
				047D188B2E6299E200FBE07C /* ScoreUITests.xctest */,
			);
			name = Products;
			sourceTree = "<group>";
		};
/* End PBXGroup section */

/* Begin PBXNativeTarget section */
		047D18732E6299E000FBE07C /* Score */ = {
			isa = PBXNativeTarget;
			buildConfigurationList = 047D18952E6299E200FBE07C /* Build configuration list for PBXNativeTarget "Score" */;
			buildPhases = (
				047D18702E6299E000FBE07C /* Sources */,
				047D18712E6299E000FBE07C /* Frameworks */,
				047D18722E6299E000FBE07C /* Resources */,
			);
			buildRules = (
			);
			dependencies = (
			);
			fileSystemSynchronizedGroups = (
				047D18762E6299E000FBE07C /* Score */,
			);
			name = Score;
			packageProductDependencies = (
			);
			productName = Score;
			productReference = 047D18742E6299E000FBE07C /* Score.app */;
			productType = "com.apple.product-type.application";
		};
		047D18802E6299E200FBE07C /* ScoreTests */ = {
			isa = PBXNativeTarget;
			buildConfigurationList = 047D18982E6299E200FBE07C /* Build configuration list for PBXNativeTarget "ScoreTests" */;
			buildPhases = (
				047D187D2E6299E200FBE07C /* Sources */,
				047D187E2E6299E200FBE07C /* Frameworks */,
				047D187F2E6299E200FBE07C /* Resources */,
			);
			buildRules = (
			);
			dependencies = (
				047D18832E6299E200FBE07C /* PBXTargetDependency */,
			);
			fileSystemSynchronizedGroups = (
				047D18842E6299E200FBE07C /* ScoreTests */,
			);
			name = ScoreTests;
			packageProductDependencies = (
			);
			productName = ScoreTests;
			productReference = 047D18812E6299E200FBE07C /* ScoreTests.xctest */;
			productType = "com.apple.product-type.bundle.unit-test";
		};
		047D188A2E6299E200FBE07C /* ScoreUITests */ = {
			isa = PBXNativeTarget;
			buildConfigurationList = 047D189B2E6299E200FBE07C /* Build configuration list for PBXNativeTarget "ScoreUITests" */;
			buildPhases = (
				047D18872E6299E200FBE07C /* Sources */,
				047D18882E6299E200FBE07C /* Frameworks */,
				047D18892E6299E200FBE07C /* Resources */,
			);
			buildRules = (
			);
			dependencies = (
				047D188D2E6299E200FBE07C /* PBXTargetDependency */,
			);
			fileSystemSynchronizedGroups = (
				047D188E2E6299E200FBE07C /* ScoreUITests */,
			);
			name = ScoreUITests;
			packageProductDependencies = (
			);
			productName = ScoreUITests;
			productReference = 047D188B2E6299E200FBE07C /* ScoreUITests.xctest */;
			productType = "com.apple.product-type.bundle.ui-testing";
		};
/* End PBXNativeTarget section */

/* Begin PBXProject section */
		047D186C2E6299E000FBE07C /* Project object */ = {
			isa = PBXProject;
			attributes = {
				BuildIndependentTargetsInParallel = 1;
				LastSwiftUpdateCheck = 1640;
				LastUpgradeCheck = 1640;
				TargetAttributes = {
					047D18732E6299E000FBE07C = {
						CreatedOnToolsVersion = 16.4;
					};
					047D18802E6299E200FBE07C = {
						CreatedOnToolsVersion = 16.4;
						TestTargetID = 047D18732E6299E000FBE07C;
					};
					047D188A2E6299E200FBE07C = {
						CreatedOnToolsVersion = 16.4;
						TestTargetID = 047D18732E6299E000FBE07C;
					};
				};
			};
			buildConfigurationList = 047D186F2E6299E000FBE07C /* Build configuration list for PBXProject "Score" */;
			developmentRegion = en;
			hasScannedForEncodings = 0;
			knownRegions = (
				en,
				Base,
			);
			mainGroup = 047D186B2E6299E000FBE07C;
			minimizedProjectReferenceProxies = 1;
			preferredProjectObjectVersion = 77;
			productRefGroup = 047D18752E6299E000FBE07C /* Products */;
			projectDirPath = "";
			projectRoot = "";
			targets = (
				047D18732E6299E000FBE07C /* Score */,
				047D18802E6299E200FBE07C /* ScoreTests */,
				047D188A2E6299E200FBE07C /* ScoreUITests */,
			);
		};
/* End PBXProject section */

/* Begin PBXResourcesBuildPhase section */
		047D18722E6299E000FBE07C /* Resources */ = {
			isa = PBXResourcesBuildPhase;
			buildActionMask = 2147483647;
			files = (
			);
			runOnlyForDeploymentPostprocessing = 0;
		};
		047D187F2E6299E200FBE07C /* Resources */ = {
			isa = PBXResourcesBuildPhase;
			buildActionMask = 2147483647;
			files = (
			);
			runOnlyForDeploymentPostprocessing = 0;
		};
		047D18892E6299E200FBE07C /* Resources */ = {
			isa = PBXResourcesBuildPhase;
			buildActionMask = 2147483647;
			files = (
			);
			runOnlyForDeploymentPostprocessing = 0;
		};
/* End PBXResourcesBuildPhase section */

/* Begin PBXSourcesBuildPhase section */
		047D18702E6299E000FBE07C /* Sources */ = {
			isa = PBXSourcesBuildPhase;
			buildActionMask = 2147483647;
			files = (
				046F14B32E62C1C500DF04BC /* MatchScreen.swift in Sources */,
				046F14AD2E62B46D00DF04BC /* Team.swift in Sources */,
				046F14AB2E62B0C300DF04BC /* AppTheme.swift in Sources */,
				046F14B12E62B8F400DF04BC /* TeamCard.swift in Sources */,
				046F14AF2E62B54A00DF04BC /* MatchViewModel.swift in Sources */,
				046F14A92E62B05800DF04BC /* ScoreApp.swift in Sources */,
				046F149A2E62A2C700DF04BC /* ContentView.swift in Sources */,
			);
			runOnlyForDeploymentPostprocessing = 0;
		};
		047D187D2E6299E200FBE07C /* Sources */ = {
			isa = PBXSourcesBuildPhase;
			buildActionMask = 2147483647;
			files = (
			);
			runOnlyForDeploymentPostprocessing = 0;
		};
		047D18872E6299E200FBE07C /* Sources */ = {
			isa = PBXSourcesBuildPhase;
			buildActionMask = 2147483647;
			files = (
			);
			runOnlyForDeploymentPostprocessing = 0;
		};
/* End PBXSourcesBuildPhase section */

/* Begin PBXTargetDependency section */
		047D18832E6299E200FBE07C /* PBXTargetDependency */ = {
			isa = PBXTargetDependency;
			target = 047D18732E6299E000FBE07C /* Score */;
			targetProxy = 047D18822E6299E200FBE07C /* PBXContainerItemProxy */;
		};
		047D188D2E6299E200FBE07C /* PBXTargetDependency */ = {
			isa = PBXTargetDependency;
			target = 047D18732E6299E000FBE07C /* Score */;
			targetProxy = 047D188C2E6299E200FBE07C /* PBXContainerItemProxy */;
		};
/* End PBXTargetDependency section */

/* Begin XCBuildConfiguration section */
		047D18932E6299E200FBE07C /* Debug */ = {
			isa = XCBuildConfiguration;
			buildSettings = {
				ALWAYS_SEARCH_USER_PATHS = NO;
				ASSETCATALOG_COMPILER_GENERATE_SWIFT_ASSET_SYMBOL_EXTENSIONS = YES;
				CLANG_ANALYZER_NONNULL = YES;
				CLANG_ANALYZER_NUMBER_OBJECT_CONVERSION = YES_AGGRESSIVE;
				CLANG_CXX_LANGUAGE_STANDARD = "gnu++20";
				CLANG_ENABLE_MODULES = YES;
				CLANG_ENABLE_OBJC_ARC = YES;
				CLANG_ENABLE_OBJC_WEAK = YES;
				CLANG_WARN_BLOCK_CAPTURE_AUTORELEASING = YES;
				CLANG_WARN_BOOL_CONVERSION = YES;
				CLANG_WARN_COMMA = YES;
				CLANG_WARN_CONSTANT_CONVERSION = YES;
				CLANG_WARN_DEPRECATED_OBJC_IMPLEMENTATIONS = YES;
				CLANG_WARN_DIRECT_OBJC_ISA_USAGE = YES_ERROR;
				CLANG_WARN_DOCUMENTATION_COMMENTS = YES;
				CLANG_WARN_EMPTY_BODY = YES;
				CLANG_WARN_ENUM_CONVERSION = YES;
				CLANG_WARN_INFINITE_RECURSION = YES;
				CLANG_WARN_INT_CONVERSION = YES;
				CLANG_WARN_NON_LITERAL_NULL_CONVERSION = YES;
				CLANG_WARN_OBJC_IMPLICIT_RETAIN_SELF = YES;
				CLANG_WARN_OBJC_LITERAL_CONVERSION = YES;
				CLANG_WARN_OBJC_ROOT_CLASS = YES_ERROR;
				CLANG_WARN_QUOTED_INCLUDE_IN_FRAMEWORK_HEADER = YES;
				CLANG_WARN_RANGE_LOOP_ANALYSIS = YES;
				CLANG_WARN_STRICT_PROTOTYPES = YES;
				CLANG_WARN_SUSPICIOUS_MOVE = YES;
				CLANG_WARN_UNGUARDED_AVAILABILITY = YES_AGGRESSIVE;
				CLANG_WARN_UNREACHABLE_CODE = YES;
				CLANG_WARN__DUPLICATE_METHOD_MATCH = YES;
				COPY_PHASE_STRIP = NO;
				DEBUG_INFORMATION_FORMAT = dwarf;
				ENABLE_STRICT_OBJC_MSGSEND = YES;
				ENABLE_TESTABILITY = YES;
				ENABLE_USER_SCRIPT_SANDBOXING = YES;
				GCC_C_LANGUAGE_STANDARD = gnu17;
				GCC_DYNAMIC_NO_PIC = NO;
				GCC_NO_COMMON_BLOCKS = YES;
				GCC_OPTIMIZATION_LEVEL = 0;
				GCC_PREPROCESSOR_DEFINITIONS = (
					"DEBUG=1",
					"$(inherited)",
				);
				GCC_WARN_64_TO_32_BIT_CONVERSION = YES;
				GCC_WARN_ABOUT_RETURN_TYPE = YES_ERROR;
				GCC_WARN_UNDECLARED_SELECTOR = YES;
				GCC_WARN_UNINITIALIZED_AUTOS = YES_AGGRESSIVE;
				GCC_WARN_UNUSED_FUNCTION = YES;
				GCC_WARN_UNUSED_VARIABLE = YES;
				IPHONEOS_DEPLOYMENT_TARGET = 18.5;
				LOCALIZATION_PREFERS_STRING_CATALOGS = YES;
				MTL_ENABLE_DEBUG_INFO = INCLUDE_SOURCE;
				MTL_FAST_MATH = YES;
				ONLY_ACTIVE_ARCH = YES;
				SDKROOT = iphoneos;
				SWIFT_ACTIVE_COMPILATION_CONDITIONS = "DEBUG $(inherited)";
				SWIFT_OPTIMIZATION_LEVEL = "-Onone";
			};
			name = Debug;
		};
		047D18942E6299E200FBE07C /* Release */ = {
			isa = XCBuildConfiguration;
			buildSettings = {
				ALWAYS_SEARCH_USER_PATHS = NO;
				ASSETCATALOG_COMPILER_GENERATE_SWIFT_ASSET_SYMBOL_EXTENSIONS = YES;
				CLANG_ANALYZER_NONNULL = YES;
				CLANG_ANALYZER_NUMBER_OBJECT_CONVERSION = YES_AGGRESSIVE;
				CLANG_CXX_LANGUAGE_STANDARD = "gnu++20";
				CLANG_ENABLE_MODULES = YES;
				CLANG_ENABLE_OBJC_ARC = YES;
				CLANG_ENABLE_OBJC_WEAK = YES;
				CLANG_WARN_BLOCK_CAPTURE_AUTORELEASING = YES;
				CLANG_WARN_BOOL_CONVERSION = YES;
				CLANG_WARN_COMMA = YES;
				CLANG_WARN_CONSTANT_CONVERSION = YES;
				CLANG_WARN_DEPRECATED_OBJC_IMPLEMENTATIONS = YES;
				CLANG_WARN_DIRECT_OBJC_ISA_USAGE = YES_ERROR;
				CLANG_WARN_DOCUMENTATION_COMMENTS = YES;
				CLANG_WARN_EMPTY_BODY = YES;
				CLANG_WARN_ENUM_CONVERSION = YES;
				CLANG_WARN_INFINITE_RECURSION = YES;
				CLANG_WARN_INT_CONVERSION = YES;
				CLANG_WARN_NON_LITERAL_NULL_CONVERSION = YES;
				CLANG_WARN_OBJC_IMPLICIT_RETAIN_SELF = YES;
				CLANG_WARN_OBJC_LITERAL_CONVERSION = YES;
				CLANG_WARN_OBJC_ROOT_CLASS = YES_ERROR;
				CLANG_WARN_QUOTED_INCLUDE_IN_FRAMEWORK_HEADER = YES;
				CLANG_WARN_RANGE_LOOP_ANALYSIS = YES;
				CLANG_WARN_STRICT_PROTOTYPES = YES;
				CLANG_WARN_SUSPICIOUS_MOVE = YES;
				CLANG_WARN_UNGUARDED_AVAILABILITY = YES_AGGRESSIVE;
				CLANG_WARN_UNREACHABLE_CODE = YES;
				CLANG_WARN__DUPLICATE_METHOD_MATCH = YES;
				COPY_PHASE_STRIP = NO;
				DEBUG_INFORMATION_FORMAT = "dwarf-with-dsym";
				ENABLE_NS_ASSERTIONS = NO;
				ENABLE_STRICT_OBJC_MSGSEND = YES;
				ENABLE_USER_SCRIPT_SANDBOXING = YES;
				GCC_C_LANGUAGE_STANDARD = gnu17;
				GCC_NO_COMMON_BLOCKS = YES;
				GCC_WARN_64_TO_32_BIT_CONVERSION = YES;
				GCC_WARN_ABOUT_RETURN_TYPE = YES_ERROR;
				GCC_WARN_UNDECLARED_SELECTOR = YES;
				GCC_WARN_UNINITIALIZED_AUTOS = YES_AGGRESSIVE;
				GCC_WARN_UNUSED_FUNCTION = YES;
				GCC_WARN_UNUSED_VARIABLE = YES;
				IPHONEOS_DEPLOYMENT_TARGET = 18.5;
				LOCALIZATION_PREFERS_STRING_CATALOGS = YES;
				MTL_ENABLE_DEBUG_INFO = NO;
				MTL_FAST_MATH = YES;
				SDKROOT = iphoneos;
				SWIFT_COMPILATION_MODE = wholemodule;
				VALIDATE_PRODUCT = YES;
			};
			name = Release;
		};
		047D18962E6299E200FBE07C /* Debug */ = {
			isa = XCBuildConfiguration;
			buildSettings = {
				ASSETCATALOG_COMPILER_APPICON_NAME = AppIcon;
				ASSETCATALOG_COMPILER_GLOBAL_ACCENT_COLOR_NAME = AccentColor;
				CODE_SIGN_STYLE = Automatic;
				CURRENT_PROJECT_VERSION = 1;
				DEVELOPMENT_TEAM = 23WG6M6SNP;
				ENABLE_PREVIEWS = YES;
				GENERATE_INFOPLIST_FILE = YES;
				INFOPLIST_KEY_UIApplicationSceneManifest_Generation = YES;
				INFOPLIST_KEY_UIApplicationSupportsIndirectInputEvents = YES;
				INFOPLIST_KEY_UILaunchScreen_Generation = YES;
				INFOPLIST_KEY_UISupportedInterfaceOrientations = "UIInterfaceOrientationLandscapeLeft UIInterfaceOrientationLandscapeRight UIInterfaceOrientationPortrait";
				INFOPLIST_KEY_UISupportedInterfaceOrientations_iPad = "UIInterfaceOrientationLandscapeLeft UIInterfaceOrientationLandscapeRight UIInterfaceOrientationPortrait UIInterfaceOrientationPortraitUpsideDown";
				LD_RUNPATH_SEARCH_PATHS = (
					"$(inherited)",
					"@executable_path/Frameworks",
				);
				MARKETING_VERSION = 1.0;
				PRODUCT_BUNDLE_IDENTIFIER = Hobby.Score;
				PRODUCT_NAME = "$(TARGET_NAME)";
				SWIFT_EMIT_LOC_STRINGS = YES;
				SWIFT_VERSION = 5.0;
				TARGETED_DEVICE_FAMILY = "1,2";
			};
			name = Debug;
		};
		047D18972E6299E200FBE07C /* Release */ = {
			isa = XCBuildConfiguration;
			buildSettings = {
				ASSETCATALOG_COMPILER_APPICON_NAME = AppIcon;
				ASSETCATALOG_COMPILER_GLOBAL_ACCENT_COLOR_NAME = AccentColor;
				CODE_SIGN_STYLE = Automatic;
				CURRENT_PROJECT_VERSION = 1;
				DEVELOPMENT_TEAM = 23WG6M6SNP;
				ENABLE_PREVIEWS = YES;
				GENERATE_INFOPLIST_FILE = YES;
				INFOPLIST_KEY_UIApplicationSceneManifest_Generation = YES;
				INFOPLIST_KEY_UIApplicationSupportsIndirectInputEvents = YES;
				INFOPLIST_KEY_UILaunchScreen_Generation = YES;
				INFOPLIST_KEY_UISupportedInterfaceOrientations = "UIInterfaceOrientationLandscapeLeft UIInterfaceOrientationLandscapeRight UIInterfaceOrientationPortrait";
				INFOPLIST_KEY_UISupportedInterfaceOrientations_iPad = "UIInterfaceOrientationLandscapeLeft UIInterfaceOrientationLandscapeRight UIInterfaceOrientationPortrait UIInterfaceOrientationPortraitUpsideDown";
				LD_RUNPATH_SEARCH_PATHS = (
					"$(inherited)",
					"@executable_path/Frameworks",
				);
				MARKETING_VERSION = 1.0;
				PRODUCT_BUNDLE_IDENTIFIER = Hobby.Score;
				PRODUCT_NAME = "$(TARGET_NAME)";
				SWIFT_EMIT_LOC_STRINGS = YES;
				SWIFT_VERSION = 5.0;
				TARGETED_DEVICE_FAMILY = "1,2";
			};
			name = Release;
		};
		047D18992E6299E200FBE07C /* Debug */ = {
			isa = XCBuildConfiguration;
			buildSettings = {
				BUNDLE_LOADER = "$(TEST_HOST)";
				CODE_SIGN_STYLE = Automatic;
				CURRENT_PROJECT_VERSION = 1;
				GENERATE_INFOPLIST_FILE = YES;
				IPHONEOS_DEPLOYMENT_TARGET = 18.5;
				MARKETING_VERSION = 1.0;
				PRODUCT_BUNDLE_IDENTIFIER = Hobby.ScoreTests;
				PRODUCT_NAME = "$(TARGET_NAME)";
				SWIFT_EMIT_LOC_STRINGS = NO;
				SWIFT_VERSION = 5.0;
				TARGETED_DEVICE_FAMILY = "1,2";
				TEST_HOST = "$(BUILT_PRODUCTS_DIR)/Score.app/$(BUNDLE_EXECUTABLE_FOLDER_PATH)/Score";
			};
			name = Debug;
		};
		047D189A2E6299E200FBE07C /* Release */ = {
			isa = XCBuildConfiguration;
			buildSettings = {
				BUNDLE_LOADER = "$(TEST_HOST)";
				CODE_SIGN_STYLE = Automatic;
				CURRENT_PROJECT_VERSION = 1;
				GENERATE_INFOPLIST_FILE = YES;
				IPHONEOS_DEPLOYMENT_TARGET = 18.5;
				MARKETING_VERSION = 1.0;
				PRODUCT_BUNDLE_IDENTIFIER = Hobby.ScoreTests;
				PRODUCT_NAME = "$(TARGET_NAME)";
				SWIFT_EMIT_LOC_STRINGS = NO;
				SWIFT_VERSION = 5.0;
				TARGETED_DEVICE_FAMILY = "1,2";
				TEST_HOST = "$(BUILT_PRODUCTS_DIR)/Score.app/$(BUNDLE_EXECUTABLE_FOLDER_PATH)/Score";
			};
			name = Release;
		};
		047D189C2E6299E200FBE07C /* Debug */ = {
			isa = XCBuildConfiguration;
			buildSettings = {
				CODE_SIGN_STYLE = Automatic;
				CURRENT_PROJECT_VERSION = 1;
				GENERATE_INFOPLIST_FILE = YES;
				MARKETING_VERSION = 1.0;
				PRODUCT_BUNDLE_IDENTIFIER = Hobby.ScoreUITests;
				PRODUCT_NAME = "$(TARGET_NAME)";
				SWIFT_EMIT_LOC_STRINGS = NO;
				SWIFT_VERSION = 5.0;
				TARGETED_DEVICE_FAMILY = "1,2";
				TEST_TARGET_NAME = Score;
			};
			name = Debug;
		};
		047D189D2E6299E200FBE07C /* Release */ = {
			isa = XCBuildConfiguration;
			buildSettings = {
				CODE_SIGN_STYLE = Automatic;
				CURRENT_PROJECT_VERSION = 1;
				GENERATE_INFOPLIST_FILE = YES;
				MARKETING_VERSION = 1.0;
				PRODUCT_BUNDLE_IDENTIFIER = Hobby.ScoreUITests;
				PRODUCT_NAME = "$(TARGET_NAME)";
				SWIFT_EMIT_LOC_STRINGS = NO;
				SWIFT_VERSION = 5.0;
				TARGETED_DEVICE_FAMILY = "1,2";
				TEST_TARGET_NAME = Score;
			};
			name = Release;
		};
/* End XCBuildConfiguration section */

/* Begin XCConfigurationList section */
		047D186F2E6299E000FBE07C /* Build configuration list for PBXProject "Score" */ = {
			isa = XCConfigurationList;
			buildConfigurations = (
				047D18932E6299E200FBE07C /* Debug */,
				047D18942E6299E200FBE07C /* Release */,
			);
			defaultConfigurationIsVisible = 0;
			defaultConfigurationName = Release;
		};
		047D18952E6299E200FBE07C /* Build configuration list for PBXNativeTarget "Score" */ = {
			isa = XCConfigurationList;
			buildConfigurations = (
				047D18962E6299E200FBE07C /* Debug */,
				047D18972E6299E200FBE07C /* Release */,
			);
			defaultConfigurationIsVisible = 0;
			defaultConfigurationName = Release;
		};
		047D18982E6299E200FBE07C /* Build configuration list for PBXNativeTarget "ScoreTests" */ = {
			isa = XCConfigurationList;
			buildConfigurations = (
				047D18992E6299E200FBE07C /* Debug */,
				047D189A2E6299E200FBE07C /* Release */,
			);
			defaultConfigurationIsVisible = 0;
			defaultConfigurationName = Release;
		};
		047D189B2E6299E200FBE07C /* Build configuration list for PBXNativeTarget "ScoreUITests" */ = {
			isa = XCConfigurationList;
			buildConfigurations = (
				047D189C2E6299E200FBE07C /* Debug */,
				047D189D2E6299E200FBE07C /* Release */,
			);
			defaultConfigurationIsVisible = 0;
			defaultConfigurationName = Release;
		};
/* End XCConfigurationList section */
	};
	rootObject = 047D186C2E6299E000FBE07C /* Project object */;
}
